
Microsoft Visual Studio Solution File, Format Version 12.00
# Visual Studio 15
VisualStudioVersion = 15.0.28307.1684
MinimumVisualStudioVersion = 10.0.40219.1
Project("{8BC9CEB8-8B4A-11D0-8D11-00A0C91BC942}") = "5.34", "5.34\5.34.vcxproj", "{72FB85E1-0D21-42BA-9295-B7CFD4E06597}"
EndProject
Global
	GlobalSection(SolutionConfigurationPlatforms) = preSolution
		Debug|x64 = Debug|x64
		Debug|x86 = Debug|x86
		Release|x64 = Release|x64
		Release|x86 = Release|x86
	EndGlobalSection
	GlobalSection(ProjectConfigurationPlatforms) = postSolution
		{72FB85E1-0D21-42BA-9295-B7CFD4E06597}.Debug|x64.ActiveCfg = Debug|x64
		{72FB85E1-0D21-42BA-9295-B7CFD4E06597}.Debug|x64.Build.0 = Debug|x64
		{72FB85E1-0D21-42BA-9295-B7CFD4E06597}.Debug|x86.ActiveCfg = Debug|Win32
		{72FB85E1-0D21-42BA-9295-B7CFD4E06597}.Debug|x86.Build.0 = Debug|Win32
		{72FB85E1-0D21-42BA-9295-B7CFD4E06597}.Release|x64.ActiveCfg = Release|x64
		{72FB85E1-0D21-42BA-9295-B7CFD4E06597}.Release|x64.Build.0 = Release|x64
		{72FB85E1-0D21-42BA-9295-B7CFD4E06597}.Release|x86.ActiveCfg = Release|Win32
		{72FB85E1-0D21-42BA-9295-B7CFD4E06597}.Release|x86.Build.0 = Release|Win32
	EndGlobalSection
	GlobalSection(SolutionProperties) = preSolution
		HideSolutionNode = FALSE
	EndGlobalSection
	GlobalSection(ExtensibilityGlobals) = postSolution
		SolutionGuid = {63094018-2B06-4B14-B283-CEEEE99B3B34}
	EndGlobalSection
EndGlobal
