
Microsoft Visual Studio Solution File, Format Version 12.00
# Visual Studio 15
VisualStudioVersion = 15.0.28307.1684
MinimumVisualStudioVersion = 10.0.40219.1
Project("{8BC9CEB8-8B4A-11D0-8D11-00A0C91BC942}") = "Ch4_Lab2_p.8", "Ch4_Lab2_p.8\Ch4_Lab2_p.8.vcxproj", "{2A8F2B01-9C8E-4837-8324-ECEF14279232}"
EndProject
Global
	GlobalSection(SolutionConfigurationPlatforms) = preSolution
		Debug|x64 = Debug|x64
		Debug|x86 = Debug|x86
		Release|x64 = Release|x64
		Release|x86 = Release|x86
	EndGlobalSection
	GlobalSection(ProjectConfigurationPlatforms) = postSolution
		{2A8F2B01-9C8E-4837-8324-ECEF14279232}.Debug|x64.ActiveCfg = Debug|x64
		{2A8F2B01-9C8E-4837-8324-ECEF14279232}.Debug|x64.Build.0 = Debug|x64
		{2A8F2B01-9C8E-4837-8324-ECEF14279232}.Debug|x86.ActiveCfg = Debug|Win32
		{2A8F2B01-9C8E-4837-8324-ECEF14279232}.Debug|x86.Build.0 = Debug|Win32
		{2A8F2B01-9C8E-4837-8324-ECEF14279232}.Release|x64.ActiveCfg = Release|x64
		{2A8F2B01-9C8E-4837-8324-ECEF14279232}.Release|x64.Build.0 = Release|x64
		{2A8F2B01-9C8E-4837-8324-ECEF14279232}.Release|x86.ActiveCfg = Release|Win32
		{2A8F2B01-9C8E-4837-8324-ECEF14279232}.Release|x86.Build.0 = Release|Win32
	EndGlobalSection
	GlobalSection(SolutionProperties) = preSolution
		HideSolutionNode = FALSE
	EndGlobalSection
	GlobalSection(ExtensibilityGlobals) = postSolution
		SolutionGuid = {600C78E1-438A-471E-8FFE-7CA4F0D9541E}
	EndGlobalSection
EndGlobal
